
Microsoft Visual Studio Solution File, Format Version 12.00
# Visual Studio Version 17
VisualStudioVersion = 17.6.33815.320
MinimumVisualStudioVersion = 10.0.40219.1
Project("{FAE04EC0-301F-11D3-BF4B-00C04F79EFBC}") = "GMapPolygonAndTextMarker", "GMapPolygonAndTextMarker\GMapPolygonAndTextMarker.csproj", "{DFBEDD88-9BE4-4E04-B8B2-EF34121E331B}"
EndProject
Global
	GlobalSection(SolutionConfigurationPlatforms) = preSolution
		Debug|Any CPU = Debug|Any CPU
		Release|Any CPU = Release|Any CPU
	EndGlobalSection
	GlobalSection(ProjectConfigurationPlatforms) = postSolution
		{DFBEDD88-9BE4-4E04-B8B2-EF34121E331B}.Debug|Any CPU.ActiveCfg = Debug|Any CPU
		{DFBEDD88-9BE4-4E04-B8B2-EF34121E331B}.Debug|Any CPU.Build.0 = Debug|Any CPU
		{DFBEDD88-9BE4-4E04-B8B2-EF34121E331B}.Release|Any CPU.ActiveCfg = Release|Any CPU
		{DFBEDD88-9BE4-4E04-B8B2-EF34121E331B}.Release|Any CPU.Build.0 = Release|Any CPU
	EndGlobalSection
	GlobalSection(SolutionProperties) = preSolution
		HideSolutionNode = FALSE
	EndGlobalSection
	GlobalSection(ExtensibilityGlobals) = postSolution
		SolutionGuid = {F1EDD36C-11C3-4089-9173-D42374531013}
	EndGlobalSection
EndGlobal
