
Microsoft Visual Studio Solution File, Format Version 12.00
# Visual Studio Version 17
VisualStudioVersion = 17.6.33815.320
MinimumVisualStudioVersion = 10.0.40219.1
Project("{FAE04EC0-301F-11D3-BF4B-00C04F79EFBC}") = "UTMLatLongConversionLibrary", "UTMLatLongConversionLibrary\UTMLatLongConversionLibrary.csproj", "{F630A478-F03E-4A08-9B52-6487168330CA}"
EndProject
Global
	GlobalSection(SolutionConfigurationPlatforms) = preSolution
		Debug|Any CPU = Debug|Any CPU
		Release|Any CPU = Release|Any CPU
	EndGlobalSection
	GlobalSection(ProjectConfigurationPlatforms) = postSolution
		{F630A478-F03E-4A08-9B52-6487168330CA}.Debug|Any CPU.ActiveCfg = Debug|Any CPU
		{F630A478-F03E-4A08-9B52-6487168330CA}.Debug|Any CPU.Build.0 = Debug|Any CPU
		{F630A478-F03E-4A08-9B52-6487168330CA}.Release|Any CPU.ActiveCfg = Release|Any CPU
		{F630A478-F03E-4A08-9B52-6487168330CA}.Release|Any CPU.Build.0 = Release|Any CPU
	EndGlobalSection
	GlobalSection(SolutionProperties) = preSolution
		HideSolutionNode = FALSE
	EndGlobalSection
	GlobalSection(ExtensibilityGlobals) = postSolution
		SolutionGuid = {204511D5-7A12-4A28-94D2-29E28F489CFF}
	EndGlobalSection
EndGlobal
